
Microsoft Visual Studio Solution File, Format Version 12.00
# Visual Studio Version 16
VisualStudioVersion = 16.0.34729.46
MinimumVisualStudioVersion = 10.0.40219.1
Project("{FAE04EC0-301F-11D3-BF4B-00C04F79EFBC}") = "ConsoleApp1", "ConsoleApp1\ConsoleApp1.csproj", "{4793AC1E-2A67-4B27-8741-3A18E7775B9C}"
EndProject
Global
	GlobalSection(SolutionConfigurationPlatforms) = preSolution
		Debug|Any CPU = Debug|Any CPU
		Release|Any CPU = Release|Any CPU
	EndGlobalSection
	GlobalSection(ProjectConfigurationPlatforms) = postSolution
		{4793AC1E-2A67-4B27-8741-3A18E7775B9C}.Debug|Any CPU.ActiveCfg = Debug|Any CPU
		{4793AC1E-2A67-4B27-8741-3A18E7775B9C}.Debug|Any CPU.Build.0 = Debug|Any CPU
		{4793AC1E-2A67-4B27-8741-3A18E7775B9C}.Release|Any CPU.ActiveCfg = Release|Any CPU
		{4793AC1E-2A67-4B27-8741-3A18E7775B9C}.Release|Any CPU.Build.0 = Release|Any CPU
	EndGlobalSection
	GlobalSection(SolutionProperties) = preSolution
		HideSolutionNode = FALSE
	EndGlobalSection
	GlobalSection(ExtensibilityGlobals) = postSolution
		SolutionGuid = {567F0898-D19B-41B7-A40E-F7ABFD8E993F}
	EndGlobalSection
EndGlobal
